
Microsoft Visual Studio Solution File, Format Version 12.00
# Visual Studio Version 17
VisualStudioVersion = 17.8.34309.116
MinimumVisualStudioVersion = 10.0.40219.1
Project("{FAE04EC0-301F-11D3-BF4B-00C04F79EFBC}") = "FunctionAppDemo", "FunctionAppDemo\FunctionAppDemo.csproj", "{4E821954-A5AD-4AE0-8605-458AE3A0F51A}"
EndProject
Global
	GlobalSection(SolutionConfigurationPlatforms) = preSolution
		Debug|Any CPU = Debug|Any CPU
		Release|Any CPU = Release|Any CPU
	EndGlobalSection
	GlobalSection(ProjectConfigurationPlatforms) = postSolution
		{4E821954-A5AD-4AE0-8605-458AE3A0F51A}.Debug|Any CPU.ActiveCfg = Debug|Any CPU
		{4E821954-A5AD-4AE0-8605-458AE3A0F51A}.Debug|Any CPU.Build.0 = Debug|Any CPU
		{4E821954-A5AD-4AE0-8605-458AE3A0F51A}.Release|Any CPU.ActiveCfg = Release|Any CPU
		{4E821954-A5AD-4AE0-8605-458AE3A0F51A}.Release|Any CPU.Build.0 = Release|Any CPU
	EndGlobalSection
	GlobalSection(SolutionProperties) = preSolution
		HideSolutionNode = FALSE
	EndGlobalSection
	GlobalSection(ExtensibilityGlobals) = postSolution
		SolutionGuid = {F82B936C-22F3-4A05-9A66-113CFAE1B275}
	EndGlobalSection
EndGlobal
